github.com/pxsa/iGraph v0.0.0-20221226110751-92f51f7dc40c h1:+HkVVHnuUNESwlzC+5fdKz2ZHfd+AzkDqxT/4Lbx6ak=
github.com/pxsa/iGraph v0.0.0-20221226110751-92f51f7dc40c/go.mod h1:6RAM6jTbt0unSnXZzI7kWzkK7fpHNZZa/4utrDB/ixA=
github.com/pxsa/iGraph v0.0.0-20221226142830-21b95229ada5 h1:rqhrrxtamGzqGdQonjsP4voPP97eO/JJQmB3WSWY9Fg=
github.com/pxsa/iGraph v0.0.0-20221226142830-21b95229ada5/go.mod h1:6RAM6jTbt0unSnXZzI7kWzkK7fpHNZZa/4utrDB/ixA=
github.com/pxsa/iGraph v0.0.0-20221228060558-5d3251c46f29 h1:W1X6Is2stCbv2MF4vDg1aHMxD8+epi9vwHmDO57UZWk=
github.com/pxsa/iGraph v0.0.0-20221228060558-5d3251c46f29/go.mod h1:6RAM6jTbt0unSnXZzI7kWzkK7fpHNZZa/4utrDB/ixA=
golang.org/x/exp v0.0.0-20221217163422-3c43f8badb15 h1:5oN1Pz/eDhCpbMbLstvIPa0b/BEQo6g6nwV3pLjfM6w=
golang.org/x/exp v0.0.0-20221217163422-3c43f8badb15/go.mod h1:CxIveKay+FTh1D0yPZemJVgC/95VzuuOLq5Qi4xnoYc=
golang.org/x/exp v0.0.0-20221227203929-1b447090c38c h1:Govq2W3bnHJimHT2ium65kXcI7ZzTniZHcFATnLJM0Q=
golang.org/x/exp v0.0.0-20221227203929-1b447090c38c/go.mod h1:CxIveKay+FTh1D0yPZemJVgC/95VzuuOLq5Qi4xnoYc=
